
Microsoft Visual Studio Solution File, Format Version 12.00
# Visual Studio Version 17
VisualStudioVersion = 17.0.31903.59
MinimumVisualStudioVersion = 10.0.40219.1
Project("{2150E333-8FDC-42A3-9474-1A3956D46DE8}") = "src", "src", "{827E0CD3-B72D-47B6-A68D-7590B98EB39B}"
EndProject
Project("{2150E333-8FDC-42A3-9474-1A3956D46DE8}") = "PropostaService", "PropostaService", "{115BDD7A-4B5B-9B53-DEB4-0821943925E8}"
EndProject
Project("{FAE04EC0-301F-11D3-BF4B-00C04F79EFBC}") = "PropostaService.Domain", "src\PropostaService\PropostaService.Domain\PropostaService.Domain.csproj", "{DB208D99-4A5C-4960-8E80-7E775C255B9F}"
EndProject
Project("{FAE04EC0-301F-11D3-BF4B-00C04F79EFBC}") = "PropostaService.Application", "src\PropostaService\PropostaService.Application\PropostaService.Application.csproj", "{1CA066EE-AF18-42E7-B12B-09B8EE5E2FBC}"
EndProject
Project("{FAE04EC0-301F-11D3-BF4B-00C04F79EFBC}") = "PropostaService.Infrastructure", "src\PropostaService\PropostaService.Infrastructure\PropostaService.Infrastructure.csproj", "{96419447-936F-4E6C-B4E2-D0B8A5E4FA07}"
EndProject
Project("{FAE04EC0-301F-11D3-BF4B-00C04F79EFBC}") = "PropostaService.Api", "src\PropostaService\PropostaService.Api\PropostaService.Api.csproj", "{C0BF95F8-726E-4C5E-B40C-BF9788E9216C}"
EndProject
Project("{2150E333-8FDC-42A3-9474-1A3956D46DE8}") = "ContratacaoService", "ContratacaoService", "{5051C603-E58C-EDA5-C022-FB06A510B2A3}"
EndProject
Project("{FAE04EC0-301F-11D3-BF4B-00C04F79EFBC}") = "ContratacaoService.Domain", "src\ContratacaoService\ContratacaoService.Domain\ContratacaoService.Domain.csproj", "{592273EC-E0BC-4F36-B5C5-BBBD408A16DF}"
EndProject
Project("{FAE04EC0-301F-11D3-BF4B-00C04F79EFBC}") = "ContratacaoService.Application", "src\ContratacaoService\ContratacaoService.Application\ContratacaoService.Application.csproj", "{B484CB3E-C033-449F-AC38-0E12F0E0ECBA}"
EndProject
Project("{FAE04EC0-301F-11D3-BF4B-00C04F79EFBC}") = "ContratacaoService.Infrastructure", "src\ContratacaoService\ContratacaoService.Infrastructure\ContratacaoService.Infrastructure.csproj", "{C077F136-1ADE-4182-91AA-0B6CF8F3E787}"
EndProject
Project("{FAE04EC0-301F-11D3-BF4B-00C04F79EFBC}") = "ContratacaoService.Api", "src\ContratacaoService\ContratacaoService.Api\ContratacaoService.Api.csproj", "{CD0D3D0A-A73D-4324-B50F-35CD403C3BF9}"
EndProject
Project("{2150E333-8FDC-42A3-9474-1A3956D46DE8}") = "tests", "tests", "{0AB3BF05-4346-4AA6-1389-037BE0695223}"
EndProject
Project("{FAE04EC0-301F-11D3-BF4B-00C04F79EFBC}") = "PropostaService.Tests", "tests\PropostaService.Tests\PropostaService.Tests.csproj", "{626B39B5-8046-4876-BFB6-984908ED5FF4}"
EndProject
Project("{FAE04EC0-301F-11D3-BF4B-00C04F79EFBC}") = "ContratacaoService.Tests", "tests\ContratacaoService.Tests\ContratacaoService.Tests.csproj", "{48CFEED0-E7D5-40A0-BE80-0D284A43B3DE}"
EndProject
Global
	GlobalSection(SolutionConfigurationPlatforms) = preSolution
		Debug|Any CPU = Debug|Any CPU
		Debug|x64 = Debug|x64
		Debug|x86 = Debug|x86
		Release|Any CPU = Release|Any CPU
		Release|x64 = Release|x64
		Release|x86 = Release|x86
	EndGlobalSection
	GlobalSection(ProjectConfigurationPlatforms) = postSolution
		{DB208D99-4A5C-4960-8E80-7E775C255B9F}.Debug|Any CPU.ActiveCfg = Debug|Any CPU
		{DB208D99-4A5C-4960-8E80-7E775C255B9F}.Debug|Any CPU.Build.0 = Debug|Any CPU
		{DB208D99-4A5C-4960-8E80-7E775C255B9F}.Debug|x64.ActiveCfg = Debug|Any CPU
		{DB208D99-4A5C-4960-8E80-7E775C255B9F}.Debug|x64.Build.0 = Debug|Any CPU
		{DB208D99-4A5C-4960-8E80-7E775C255B9F}.Debug|x86.ActiveCfg = Debug|Any CPU
		{DB208D99-4A5C-4960-8E80-7E775C255B9F}.Debug|x86.Build.0 = Debug|Any CPU
		{DB208D99-4A5C-4960-8E80-7E775C255B9F}.Release|Any CPU.ActiveCfg = Release|Any CPU
		{DB208D99-4A5C-4960-8E80-7E775C255B9F}.Release|Any CPU.Build.0 = Release|Any CPU
		{DB208D99-4A5C-4960-8E80-7E775C255B9F}.Release|x64.ActiveCfg = Release|Any CPU
		{DB208D99-4A5C-4960-8E80-7E775C255B9F}.Release|x64.Build.0 = Release|Any CPU
		{DB208D99-4A5C-4960-8E80-7E775C255B9F}.Release|x86.ActiveCfg = Release|Any CPU
		{DB208D99-4A5C-4960-8E80-7E775C255B9F}.Release|x86.Build.0 = Release|Any CPU
		{1CA066EE-AF18-42E7-B12B-09B8EE5E2FBC}.Debug|Any CPU.ActiveCfg = Debug|Any CPU
		{1CA066EE-AF18-42E7-B12B-09B8EE5E2FBC}.Debug|Any CPU.Build.0 = Debug|Any CPU
		{1CA066EE-AF18-42E7-B12B-09B8EE5E2FBC}.Debug|x64.ActiveCfg = Debug|Any CPU
		{1CA066EE-AF18-42E7-B12B-09B8EE5E2FBC}.Debug|x64.Build.0 = Debug|Any CPU
		{1CA066EE-AF18-42E7-B12B-09B8EE5E2FBC}.Debug|x86.ActiveCfg = Debug|Any CPU
		{1CA066EE-AF18-42E7-B12B-09B8EE5E2FBC}.Debug|x86.Build.0 = Debug|Any CPU
		{1CA066EE-AF18-42E7-B12B-09B8EE5E2FBC}.Release|Any CPU.ActiveCfg = Release|Any CPU
		{1CA066EE-AF18-42E7-B12B-09B8EE5E2FBC}.Release|Any CPU.Build.0 = Release|Any CPU
		{1CA066EE-AF18-42E7-B12B-09B8EE5E2FBC}.Release|x64.ActiveCfg = Release|Any CPU
		{1CA066EE-AF18-42E7-B12B-09B8EE5E2FBC}.Release|x64.Build.0 = Release|Any CPU
		{1CA066EE-AF18-42E7-B12B-09B8EE5E2FBC}.Release|x86.ActiveCfg = Release|Any CPU
		{1CA066EE-AF18-42E7-B12B-09B8EE5E2FBC}.Release|x86.Build.0 = Release|Any CPU
		{96419447-936F-4E6C-B4E2-D0B8A5E4FA07}.Debug|Any CPU.ActiveCfg = Debug|Any CPU
		{96419447-936F-4E6C-B4E2-D0B8A5E4FA07}.Debug|Any CPU.Build.0 = Debug|Any CPU
		{96419447-936F-4E6C-B4E2-D0B8A5E4FA07}.Debug|x64.ActiveCfg = Debug|Any CPU
		{96419447-936F-4E6C-B4E2-D0B8A5E4FA07}.Debug|x64.Build.0 = Debug|Any CPU
		{96419447-936F-4E6C-B4E2-D0B8A5E4FA07}.Debug|x86.ActiveCfg = Debug|Any CPU
		{96419447-936F-4E6C-B4E2-D0B8A5E4FA07}.Debug|x86.Build.0 = Debug|Any CPU
		{96419447-936F-4E6C-B4E2-D0B8A5E4FA07}.Release|Any CPU.ActiveCfg = Release|Any CPU
		{96419447-936F-4E6C-B4E2-D0B8A5E4FA07}.Release|Any CPU.Build.0 = Release|Any CPU
		{96419447-936F-4E6C-B4E2-D0B8A5E4FA07}.Release|x64.ActiveCfg = Release|Any CPU
		{96419447-936F-4E6C-B4E2-D0B8A5E4FA07}.Release|x64.Build.0 = Release|Any CPU
		{96419447-936F-4E6C-B4E2-D0B8A5E4FA07}.Release|x86.ActiveCfg = Release|Any CPU
		{96419447-936F-4E6C-B4E2-D0B8A5E4FA07}.Release|x86.Build.0 = Release|Any CPU
		{C0BF95F8-726E-4C5E-B40C-BF9788E9216C}.Debug|Any CPU.ActiveCfg = Debug|Any CPU
		{C0BF95F8-726E-4C5E-B40C-BF9788E9216C}.Debug|Any CPU.Build.0 = Debug|Any CPU
		{C0BF95F8-726E-4C5E-B40C-BF9788E9216C}.Debug|x64.ActiveCfg = Debug|Any CPU
		{C0BF95F8-726E-4C5E-B40C-BF9788E9216C}.Debug|x64.Build.0 = Debug|Any CPU
		{C0BF95F8-726E-4C5E-B40C-BF9788E9216C}.Debug|x86.ActiveCfg = Debug|Any CPU
		{C0BF95F8-726E-4C5E-B40C-BF9788E9216C}.Debug|x86.Build.0 = Debug|Any CPU
		{C0BF95F8-726E-4C5E-B40C-BF9788E9216C}.Release|Any CPU.ActiveCfg = Release|Any CPU
		{C0BF95F8-726E-4C5E-B40C-BF9788E9216C}.Release|Any CPU.Build.0 = Release|Any CPU
		{C0BF95F8-726E-4C5E-B40C-BF9788E9216C}.Release|x64.ActiveCfg = Release|Any CPU
		{C0BF95F8-726E-4C5E-B40C-BF9788E9216C}.Release|x64.Build.0 = Release|Any CPU
		{C0BF95F8-726E-4C5E-B40C-BF9788E9216C}.Release|x86.ActiveCfg = Release|Any CPU
		{C0BF95F8-726E-4C5E-B40C-BF9788E9216C}.Release|x86.Build.0 = Release|Any CPU
		{592273EC-E0BC-4F36-B5C5-BBBD408A16DF}.Debug|Any CPU.ActiveCfg = Debug|Any CPU
		{592273EC-E0BC-4F36-B5C5-BBBD408A16DF}.Debug|Any CPU.Build.0 = Debug|Any CPU
		{592273EC-E0BC-4F36-B5C5-BBBD408A16DF}.Debug|x64.ActiveCfg = Debug|Any CPU
		{592273EC-E0BC-4F36-B5C5-BBBD408A16DF}.Debug|x64.Build.0 = Debug|Any CPU
		{592273EC-E0BC-4F36-B5C5-BBBD408A16DF}.Debug|x86.ActiveCfg = Debug|Any CPU
		{592273EC-E0BC-4F36-B5C5-BBBD408A16DF}.Debug|x86.Build.0 = Debug|Any CPU
		{592273EC-E0BC-4F36-B5C5-BBBD408A16DF}.Release|Any CPU.ActiveCfg = Release|Any CPU
		{592273EC-E0BC-4F36-B5C5-BBBD408A16DF}.Release|Any CPU.Build.0 = Release|Any CPU
		{592273EC-E0BC-4F36-B5C5-BBBD408A16DF}.Release|x64.ActiveCfg = Release|Any CPU
		{592273EC-E0BC-4F36-B5C5-BBBD408A16DF}.Release|x64.Build.0 = Release|Any CPU
		{592273EC-E0BC-4F36-B5C5-BBBD408A16DF}.Release|x86.ActiveCfg = Release|Any CPU
		{592273EC-E0BC-4F36-B5C5-BBBD408A16DF}.Release|x86.Build.0 = Release|Any CPU
		{B484CB3E-C033-449F-AC38-0E12F0E0ECBA}.Debug|Any CPU.ActiveCfg = Debug|Any CPU
		{B484CB3E-C033-449F-AC38-0E12F0E0ECBA}.Debug|Any CPU.Build.0 = Debug|Any CPU
		{B484CB3E-C033-449F-AC38-0E12F0E0ECBA}.Debug|x64.ActiveCfg = Debug|Any CPU
		{B484CB3E-C033-449F-AC38-0E12F0E0ECBA}.Debug|x64.Build.0 = Debug|Any CPU
		{B484CB3E-C033-449F-AC38-0E12F0E0ECBA}.Debug|x86.ActiveCfg = Debug|Any CPU
		{B484CB3E-C033-449F-AC38-0E12F0E0ECBA}.Debug|x86.Build.0 = Debug|Any CPU
		{B484CB3E-C033-449F-AC38-0E12F0E0ECBA}.Release|Any CPU.ActiveCfg = Release|Any CPU
		{B484CB3E-C033-449F-AC38-0E12F0E0ECBA}.Release|Any CPU.Build.0 = Release|Any CPU
		{B484CB3E-C033-449F-AC38-0E12F0E0ECBA}.Release|x64.ActiveCfg = Release|Any CPU
		{B484CB3E-C033-449F-AC38-0E12F0E0ECBA}.Release|x64.Build.0 = Release|Any CPU
		{B484CB3E-C033-449F-AC38-0E12F0E0ECBA}.Release|x86.ActiveCfg = Release|Any CPU
		{B484CB3E-C033-449F-AC38-0E12F0E0ECBA}.Release|x86.Build.0 = Release|Any CPU
		{C077F136-1ADE-4182-91AA-0B6CF8F3E787}.Debug|Any CPU.ActiveCfg = Debug|Any CPU
		{C077F136-1ADE-4182-91AA-0B6CF8F3E787}.Debug|Any CPU.Build.0 = Debug|Any CPU
		{C077F136-1ADE-4182-91AA-0B6CF8F3E787}.Debug|x64.ActiveCfg = Debug|Any CPU
		{C077F136-1ADE-4182-91AA-0B6CF8F3E787}.Debug|x64.Build.0 = Debug|Any CPU
		{C077F136-1ADE-4182-91AA-0B6CF8F3E787}.Debug|x86.ActiveCfg = Debug|Any CPU
		{C077F136-1ADE-4182-91AA-0B6CF8F3E787}.Debug|x86.Build.0 = Debug|Any CPU
		{C077F136-1ADE-4182-91AA-0B6CF8F3E787}.Release|Any CPU.ActiveCfg = Release|Any CPU
		{C077F136-1ADE-4182-91AA-0B6CF8F3E787}.Release|Any CPU.Build.0 = Release|Any CPU
		{C077F136-1ADE-4182-91AA-0B6CF8F3E787}.Release|x64.ActiveCfg = Release|Any CPU
		{C077F136-1ADE-4182-91AA-0B6CF8F3E787}.Release|x64.Build.0 = Release|Any CPU
		{C077F136-1ADE-4182-91AA-0B6CF8F3E787}.Release|x86.ActiveCfg = Release|Any CPU
		{C077F136-1ADE-4182-91AA-0B6CF8F3E787}.Release|x86.Build.0 = Release|Any CPU
		{CD0D3D0A-A73D-4324-B50F-35CD403C3BF9}.Debug|Any CPU.ActiveCfg = Debug|Any CPU
		{CD0D3D0A-A73D-4324-B50F-35CD403C3BF9}.Debug|Any CPU.Build.0 = Debug|Any CPU
		{CD0D3D0A-A73D-4324-B50F-35CD403C3BF9}.Debug|x64.ActiveCfg = Debug|Any CPU
		{CD0D3D0A-A73D-4324-B50F-35CD403C3BF9}.Debug|x64.Build.0 = Debug|Any CPU
		{CD0D3D0A-A73D-4324-B50F-35CD403C3BF9}.Debug|x86.ActiveCfg = Debug|Any CPU
		{CD0D3D0A-A73D-4324-B50F-35CD403C3BF9}.Debug|x86.Build.0 = Debug|Any CPU
		{CD0D3D0A-A73D-4324-B50F-35CD403C3BF9}.Release|Any CPU.ActiveCfg = Release|Any CPU
		{CD0D3D0A-A73D-4324-B50F-35CD403C3BF9}.Release|Any CPU.Build.0 = Release|Any CPU
		{CD0D3D0A-A73D-4324-B50F-35CD403C3BF9}.Release|x64.ActiveCfg = Release|Any CPU
		{CD0D3D0A-A73D-4324-B50F-35CD403C3BF9}.Release|x64.Build.0 = Release|Any CPU
		{CD0D3D0A-A73D-4324-B50F-35CD403C3BF9}.Release|x86.ActiveCfg = Release|Any CPU
		{CD0D3D0A-A73D-4324-B50F-35CD403C3BF9}.Release|x86.Build.0 = Release|Any CPU
		{626B39B5-8046-4876-BFB6-984908ED5FF4}.Debug|Any CPU.ActiveCfg = Debug|Any CPU
		{626B39B5-8046-4876-BFB6-984908ED5FF4}.Debug|Any CPU.Build.0 = Debug|Any CPU
		{626B39B5-8046-4876-BFB6-984908ED5FF4}.Debug|x64.ActiveCfg = Debug|Any CPU
		{626B39B5-8046-4876-BFB6-984908ED5FF4}.Debug|x64.Build.0 = Debug|Any CPU
		{626B39B5-8046-4876-BFB6-984908ED5FF4}.Debug|x86.ActiveCfg = Debug|Any CPU
		{626B39B5-8046-4876-BFB6-984908ED5FF4}.Debug|x86.Build.0 = Debug|Any CPU
		{626B39B5-8046-4876-BFB6-984908ED5FF4}.Release|Any CPU.ActiveCfg = Release|Any CPU
		{626B39B5-8046-4876-BFB6-984908ED5FF4}.Release|Any CPU.Build.0 = Release|Any CPU
		{626B39B5-8046-4876-BFB6-984908ED5FF4}.Release|x64.ActiveCfg = Release|Any CPU
		{626B39B5-8046-4876-BFB6-984908ED5FF4}.Release|x64.Build.0 = Release|Any CPU
		{626B39B5-8046-4876-BFB6-984908ED5FF4}.Release|x86.ActiveCfg = Release|Any CPU
		{626B39B5-8046-4876-BFB6-984908ED5FF4}.Release|x86.Build.0 = Release|Any CPU
		{48CFEED0-E7D5-40A0-BE80-0D284A43B3DE}.Debug|Any CPU.ActiveCfg = Debug|Any CPU
		{48CFEED0-E7D5-40A0-BE80-0D284A43B3DE}.Debug|Any CPU.Build.0 = Debug|Any CPU
		{48CFEED0-E7D5-40A0-BE80-0D284A43B3DE}.Debug|x64.ActiveCfg = Debug|Any CPU
		{48CFEED0-E7D5-40A0-BE80-0D284A43B3DE}.Debug|x64.Build.0 = Debug|Any CPU
		{48CFEED0-E7D5-40A0-BE80-0D284A43B3DE}.Debug|x86.ActiveCfg = Debug|Any CPU
		{48CFEED0-E7D5-40A0-BE80-0D284A43B3DE}.Debug|x86.Build.0 = Debug|Any CPU
		{48CFEED0-E7D5-40A0-BE80-0D284A43B3DE}.Release|Any CPU.ActiveCfg = Release|Any CPU
		{48CFEED0-E7D5-40A0-BE80-0D284A43B3DE}.Release|Any CPU.Build.0 = Release|Any CPU
		{48CFEED0-E7D5-40A0-BE80-0D284A43B3DE}.Release|x64.ActiveCfg = Release|Any CPU
		{48CFEED0-E7D5-40A0-BE80-0D284A43B3DE}.Release|x64.Build.0 = Release|Any CPU
		{48CFEED0-E7D5-40A0-BE80-0D284A43B3DE}.Release|x86.ActiveCfg = Release|Any CPU
		{48CFEED0-E7D5-40A0-BE80-0D284A43B3DE}.Release|x86.Build.0 = Release|Any CPU
	EndGlobalSection
	GlobalSection(SolutionProperties) = preSolution
		HideSolutionNode = FALSE
	EndGlobalSection
	GlobalSection(NestedProjects) = preSolution
		{115BDD7A-4B5B-9B53-DEB4-0821943925E8} = {827E0CD3-B72D-47B6-A68D-7590B98EB39B}
		{DB208D99-4A5C-4960-8E80-7E775C255B9F} = {115BDD7A-4B5B-9B53-DEB4-0821943925E8}
		{1CA066EE-AF18-42E7-B12B-09B8EE5E2FBC} = {115BDD7A-4B5B-9B53-DEB4-0821943925E8}
		{96419447-936F-4E6C-B4E2-D0B8A5E4FA07} = {115BDD7A-4B5B-9B53-DEB4-0821943925E8}
		{C0BF95F8-726E-4C5E-B40C-BF9788E9216C} = {115BDD7A-4B5B-9B53-DEB4-0821943925E8}
		{5051C603-E58C-EDA5-C022-FB06A510B2A3} = {827E0CD3-B72D-47B6-A68D-7590B98EB39B}
		{592273EC-E0BC-4F36-B5C5-BBBD408A16DF} = {5051C603-E58C-EDA5-C022-FB06A510B2A3}
		{B484CB3E-C033-449F-AC38-0E12F0E0ECBA} = {5051C603-E58C-EDA5-C022-FB06A510B2A3}
		{C077F136-1ADE-4182-91AA-0B6CF8F3E787} = {5051C603-E58C-EDA5-C022-FB06A510B2A3}
		{CD0D3D0A-A73D-4324-B50F-35CD403C3BF9} = {5051C603-E58C-EDA5-C022-FB06A510B2A3}
		{626B39B5-8046-4876-BFB6-984908ED5FF4} = {0AB3BF05-4346-4AA6-1389-037BE0695223}
		{48CFEED0-E7D5-40A0-BE80-0D284A43B3DE} = {0AB3BF05-4346-4AA6-1389-037BE0695223}
	EndGlobalSection
EndGlobal
